
Microsoft Visual Studio Solution File, Format Version 12.00
# Visual Studio Version 16
VisualStudioVersion = 16.0.30330.147
MinimumVisualStudioVersion = 10.0.40219.1
Project("{9A19103F-16F7-4668-BE54-9A1E7A4F7556}") = "HubSockets", "HubSockets.csproj", "{F6454A61-6ED1-4EBC-952F-57D09F389C5E}"
EndProject
Global
	GlobalSection(SolutionConfigurationPlatforms) = preSolution
		Debug|Any CPU = Debug|Any CPU
		Release|Any CPU = Release|Any CPU
	EndGlobalSection
	GlobalSection(ProjectConfigurationPlatforms) = postSolution
		{F6454A61-6ED1-4EBC-952F-57D09F389C5E}.Debug|Any CPU.ActiveCfg = Debug|Any CPU
		{F6454A61-6ED1-4EBC-952F-57D09F389C5E}.Debug|Any CPU.Build.0 = Debug|Any CPU
		{F6454A61-6ED1-4EBC-952F-57D09F389C5E}.Release|Any CPU.ActiveCfg = Release|Any CPU
		{F6454A61-6ED1-4EBC-952F-57D09F389C5E}.Release|Any CPU.Build.0 = Release|Any CPU
	EndGlobalSection
	GlobalSection(SolutionProperties) = preSolution
		HideSolutionNode = FALSE
	EndGlobalSection
	GlobalSection(ExtensibilityGlobals) = postSolution
		SolutionGuid = {056D6DFF-DD9E-437C-8438-3F0D2B830225}
	EndGlobalSection
EndGlobal
